PODS:
  - Alamofire (5.2.2)
  - GoogleWebRTC (1.1.31999)
  - IQKeyboardManager (6.5.6)
  - Kingfisher (5.15.7):
    - Kingfisher/Core (= 5.15.7)
  - Kingfisher/Core (5.15.7)
  - QuickLayout (3.0.0)
  - R.swift (5.2.2):
    - R.swift.Library (~> 5.2.0)
  - R.swift.Library (5.2.0)
  - RxCocoa (5.1.1):
    - RxRelay (~> 5)
    - RxSwift (~> 5)
  - RxGesture (3.0.2):
    - RxCocoa (~> 5.1)
    - RxSwift (~> 5.1)
  - RxRelay (5.1.1):
    - RxSwift (~> 5)
  - RxSwift (5.1.1)
  - Starscream (3.0.6)
  - SVProgressHUD (2.2.5)
  - SwiftEntryKit (1.2.3):
    - QuickLayout (= 3.0.0)
  - SwiftyJSON (4.3.0)

DEPENDENCIES:
  - Alamofire (~> 5.2)
  - GoogleWebRTC
  - IQKeyboardManager
  - Kingfisher
  - R.swift
  - RxCocoa
  - RxGesture
  - RxSwift
  - Starscream (~> 3.0.2)
  - SVProgressHUD
  - SwiftEntryKit
  - SwiftyJSON (~> 4.0)

SPEC REPOS:
  trunk:
    - Alamofire
    - GoogleWebRTC
    - IQKeyboardManager
    - Kingfisher
    - QuickLayout
    - R.swift
    - R.swift.Library
    - RxCocoa
    - RxGesture
    - RxRelay
    - RxSwift
    - Starscream
    - SVProgressHUD
    - SwiftEntryKit
    - SwiftyJSON

SPEC CHECKSUMS:
  Alamofire: 814429acc853c6c54ff123fc3d2ef66803823ce0
  GoogleWebRTC: b39a78c4f5cc6b0323415b9233db03a2faa7b0f0
  IQKeyboardManager: 2a6e97afdafc7becf0cb17a9a8d795e3a980717f
  Kingfisher: 6e1a13523fcb1c86924ce53affe4ac957e544d59
  QuickLayout: 07b45a72b10083fee3f095990cfed1c1e7b27f0a
  R.swift: 7c52cdc57a66840ffe6cbd8a823d732059d42a32
  R.swift.Library: 5ba4f1631300caf9a4d890186930da85d540769d
  RxCocoa: 32065309a38d29b5b0db858819b5bf9ef038b601
  RxGesture: d6bd7447ca3a596c7a9702a6a2b6a2bb5d8bae54
  RxRelay: d77f7d771495f43c556cbc43eebd1bb54d01e8e9
  RxSwift: 81470a2074fa8780320ea5fe4102807cb7118178
  Starscream: ef3ece99d765eeccb67de105bfa143f929026cf5
  SVProgressHUD: 1428aafac632c1f86f62aa4243ec12008d7a51d6
  SwiftEntryKit: 340713c2e4a6662c5149629990bf1088bf5f0389
  SwiftyJSON: 6faa0040f8b59dead0ee07436cbf76b73c08fd08

PODFILE CHECKSUM: e62b33db2b5b2d320830d1a6aa3294cf5f8cb246

COCOAPODS: 1.9.3
