// !$*UTF8*$!
{
	archiveVersion = 1;
	classes = {
	};
	objectVersion = 51;
	objects = {

/* Begin PBXBuildFile section */
		080C5C7725457EE600F4627B /* TextFieldAndLabelCell.swift in Sources */ = {isa = PBXBuildFile; fileRef = 080C5C7525457EE600F4627B /* TextFieldAndLabelCell.swift */; };
		080C5C7825457EE600F4627B /* TextFieldAndLabelCell.swift in Sources */ = {isa = PBXBuildFile; fileRef = 080C5C7525457EE600F4627B /* TextFieldAndLabelCell.swift */; };
		080C5C7925457EE600F4627B /* TextFieldAndLabelCell.swift in Sources */ = {isa = PBXBuildFile; fileRef = 080C5C7525457EE600F4627B /* TextFieldAndLabelCell.swift */; };
		080C5C7A25457EE600F4627B /* TextFieldAndLabelCell.xib in Resources */ = {isa = PBXBuildFile; fileRef = 080C5C7625457EE600F4627B /* TextFieldAndLabelCell.xib */; };
		080C5C7B25457EE600F4627B /* TextFieldAndLabelCell.xib in Resources */ = {isa = PBXBuildFile; fileRef = 080C5C7625457EE600F4627B /* TextFieldAndLabelCell.xib */; };
		080C5C7C25457EE600F4627B /* TextFieldAndLabelCell.xib in Resources */ = {isa = PBXBuildFile; fileRef = 080C5C7625457EE600F4627B /* TextFieldAndLabelCell.xib */; };
		080C5C7F2545802300F4627B /* RegisterViewModel.swift in Sources */ = {isa = PBXBuildFile; fileRef = 080C5C7E2545802300F4627B /* RegisterViewModel.swift */; };
		080C5C802545802300F4627B /* RegisterViewModel.swift in Sources */ = {isa = PBXBuildFile; fileRef = 080C5C7E2545802300F4627B /* RegisterViewModel.swift */; };
		080C5C812545802300F4627B /* RegisterViewModel.swift in Sources */ = {isa = PBXBuildFile; fileRef = 080C5C7E2545802300F4627B /* RegisterViewModel.swift */; };
		080C5C892545848600F4627B /* TopRegisterCell.swift in Sources */ = {isa = PBXBuildFile; fileRef = 080C5C872545848600F4627B /* TopRegisterCell.swift */; };
		080C5C8A2545848600F4627B /* TopRegisterCell.swift in Sources */ = {isa = PBXBuildFile; fileRef = 080C5C872545848600F4627B /* TopRegisterCell.swift */; };
		080C5C8B2545848600F4627B /* TopRegisterCell.swift in Sources */ = {isa = PBXBuildFile; fileRef = 080C5C872545848600F4627B /* TopRegisterCell.swift */; };
		080C5C8C2545848600F4627B /* TopRegisterCell.xib in Resources */ = {isa = PBXBuildFile; fileRef = 080C5C882545848600F4627B /* TopRegisterCell.xib */; };
		080C5C8D2545848600F4627B /* TopRegisterCell.xib in Resources */ = {isa = PBXBuildFile; fileRef = 080C5C882545848600F4627B /* TopRegisterCell.xib */; };
		080C5C8E2545848600F4627B /* TopRegisterCell.xib in Resources */ = {isa = PBXBuildFile; fileRef = 080C5C882545848600F4627B /* TopRegisterCell.xib */; };
		080C5C912545864000F4627B /* CustomButtonCell.swift in Sources */ = {isa = PBXBuildFile; fileRef = 080C5C8F2545864000F4627B /* CustomButtonCell.swift */; };
		080C5C922545864000F4627B /* CustomButtonCell.swift in Sources */ = {isa = PBXBuildFile; fileRef = 080C5C8F2545864000F4627B /* CustomButtonCell.swift */; };
		080C5C932545864000F4627B /* CustomButtonCell.swift in Sources */ = {isa = PBXBuildFile; fileRef = 080C5C8F2545864000F4627B /* CustomButtonCell.swift */; };
		080C5C942545864000F4627B /* CustomButtonCell.xib in Resources */ = {isa = PBXBuildFile; fileRef = 080C5C902545864000F4627B /* CustomButtonCell.xib */; };
		080C5C952545864000F4627B /* CustomButtonCell.xib in Resources */ = {isa = PBXBuildFile; fileRef = 080C5C902545864000F4627B /* CustomButtonCell.xib */; };
		080C5C962545864000F4627B /* CustomButtonCell.xib in Resources */ = {isa = PBXBuildFile; fileRef = 080C5C902545864000F4627B /* CustomButtonCell.xib */; };
		08263CAB25385962003996D4 /* AppDelegate.swift in Sources */ = {isa = PBXBuildFile; fileRef = 08263CAA25385962003996D4 /* AppDelegate.swift */; };
		08263CAD25385962003996D4 /* SceneDelegate.swift in Sources */ = {isa = PBXBuildFile; fileRef = 08263CAC25385962003996D4 /* SceneDelegate.swift */; };
		08263CAF25385962003996D4 /* RegisterViewcontroller.swift in Sources */ = {isa = PBXBuildFile; fileRef = 08263CAE25385962003996D4 /* RegisterViewcontroller.swift */; };
		08263CB225385962003996D4 /* Main.storyboard in Resources */ = {isa = PBXBuildFile; fileRef = 08263CB025385962003996D4 /* Main.storyboard */; };
		08263CB425385963003996D4 /* Assets.xcassets in Resources */ = {isa = PBXBuildFile; fileRef = 08263CB325385963003996D4 /* Assets.xcassets */; };
		08263CB725385963003996D4 /* LaunchScreen.storyboard in Resources */ = {isa = PBXBuildFile; fileRef = 08263CB525385963003996D4 /* LaunchScreen.storyboard */; };
		08263CC225385963003996D4 /* iseeyouTests.swift in Sources */ = {isa = PBXBuildFile; fileRef = 08263CC125385963003996D4 /* iseeyouTests.swift */; };
		08263CCD25385963003996D4 /* iseeyouUITests.swift in Sources */ = {isa = PBXBuildFile; fileRef = 08263CCC25385963003996D4 /* iseeyouUITests.swift */; };
		08263CDB25385AFC003996D4 /* LoginViewController.swift in Sources */ = {isa = PBXBuildFile; fileRef = 08263CDA25385AFC003996D4 /* LoginViewController.swift */; };
		08263CDC25385AFC003996D4 /* LoginViewController.swift in Sources */ = {isa = PBXBuildFile; fileRef = 08263CDA25385AFC003996D4 /* LoginViewController.swift */; };
		08263CDD25385AFC003996D4 /* LoginViewController.swift in Sources */ = {isa = PBXBuildFile; fileRef = 08263CDA25385AFC003996D4 /* LoginViewController.swift */; };
		082C487E254FEBCC000E6BC7 /* VideoCallViewController.swift in Sources */ = {isa = PBXBuildFile; fileRef = 082C487D254FEBCC000E6BC7 /* VideoCallViewController.swift */; };
		082C4884254FECAC000E6BC7 /* RTCClient.swift in Sources */ = {isa = PBXBuildFile; fileRef = 082C4883254FECAC000E6BC7 /* RTCClient.swift */; };
		082C4886254FF888000E6BC7 /* RTCSimulatorVideoDecoderFactory.swift in Sources */ = {isa = PBXBuildFile; fileRef = 082C4885254FF888000E6BC7 /* RTCSimulatorVideoDecoderFactory.swift */; };
		082C4888254FF89A000E6BC7 /* RTCSimluatorVideoEncoderFactory.swift in Sources */ = {isa = PBXBuildFile; fileRef = 082C4887254FF89A000E6BC7 /* RTCSimluatorVideoEncoderFactory.swift */; };
		082C488A2550035B000E6BC7 /* RTCCustomFrameCapturer.swift in Sources */ = {isa = PBXBuildFile; fileRef = 082C48892550035B000E6BC7 /* RTCCustomFrameCapturer.swift */; };
		082C488D25501466000E6BC7 /* CameraFilter.swift in Sources */ = {isa = PBXBuildFile; fileRef = 082C488C25501466000E6BC7 /* CameraFilter.swift */; };
		082C488F2550147A000E6BC7 /* CameraSession.swift in Sources */ = {isa = PBXBuildFile; fileRef = 082C488E2550147A000E6BC7 /* CameraSession.swift */; };
		082C489225501605000E6BC7 /* SignalingMessage.swift in Sources */ = {isa = PBXBuildFile; fileRef = 082C489125501605000E6BC7 /* SignalingMessage.swift */; };
		0836C461255CD42000C67DFC /* ShowDialog.swift in Sources */ = {isa = PBXBuildFile; fileRef = 0836C460255CD42000C67DFC /* ShowDialog.swift */; };
		0836C463255CE4FF00C67DFC /* CHATViewController.swift in Sources */ = {isa = PBXBuildFile; fileRef = 0836C462255CE4FF00C67DFC /* CHATViewController.swift */; };
		0836C466255CE8D100C67DFC /* ProfileViewController.swift in Sources */ = {isa = PBXBuildFile; fileRef = 0836C465255CE8D100C67DFC /* ProfileViewController.swift */; };
		0836C46A255CE95800C67DFC /* TopProfileCell.swift in Sources */ = {isa = PBXBuildFile; fileRef = 0836C468255CE95800C67DFC /* TopProfileCell.swift */; };
		0836C46B255CE95800C67DFC /* TopProfileCell.xib in Resources */ = {isa = PBXBuildFile; fileRef = 0836C469255CE95800C67DFC /* TopProfileCell.xib */; };
		0836C46E255CEF2B00C67DFC /* LabelWithArrowCel.swift in Sources */ = {isa = PBXBuildFile; fileRef = 0836C46C255CEF2B00C67DFC /* LabelWithArrowCel.swift */; };
		0836C46F255CEF2B00C67DFC /* LabelWithArrowCel.xib in Resources */ = {isa = PBXBuildFile; fileRef = 0836C46D255CEF2B00C67DFC /* LabelWithArrowCel.xib */; };
		0836C472255CF4A200C67DFC /* PrepareForCallViewController.swift in Sources */ = {isa = PBXBuildFile; fileRef = 0836C471255CF4A200C67DFC /* PrepareForCallViewController.swift */; };
		0836C474255CF4BA00C67DFC /* PrepareForCallModel.swift in Sources */ = {isa = PBXBuildFile; fileRef = 0836C473255CF4BA00C67DFC /* PrepareForCallModel.swift */; };
		0836C47B255CF57600C67DFC /* ProfileViewModel.swift in Sources */ = {isa = PBXBuildFile; fileRef = 0836C47A255CF57600C67DFC /* ProfileViewModel.swift */; };
		0836C47D255CF5AE00C67DFC /* prepare.storyboard in Resources */ = {isa = PBXBuildFile; fileRef = 0836C47C255CF5AE00C67DFC /* prepare.storyboard */; };
		0836C47E255CF5AE00C67DFC /* prepare.storyboard in Resources */ = {isa = PBXBuildFile; fileRef = 0836C47C255CF5AE00C67DFC /* prepare.storyboard */; };
		0836C47F255CF5AE00C67DFC /* prepare.storyboard in Resources */ = {isa = PBXBuildFile; fileRef = 0836C47C255CF5AE00C67DFC /* prepare.storyboard */; };
		0836C482255CF61900C67DFC /* CustomButtonCallCell.swift in Sources */ = {isa = PBXBuildFile; fileRef = 0836C480255CF61900C67DFC /* CustomButtonCallCell.swift */; };
		0836C483255CF61900C67DFC /* CustomButtonCallCell.swift in Sources */ = {isa = PBXBuildFile; fileRef = 0836C480255CF61900C67DFC /* CustomButtonCallCell.swift */; };
		0836C484255CF61900C67DFC /* CustomButtonCallCell.swift in Sources */ = {isa = PBXBuildFile; fileRef = 0836C480255CF61900C67DFC /* CustomButtonCallCell.swift */; };
		0836C485255CF61900C67DFC /* CustomButtonCallCell.xib in Resources */ = {isa = PBXBuildFile; fileRef = 0836C481255CF61900C67DFC /* CustomButtonCallCell.xib */; };
		0836C486255CF61900C67DFC /* CustomButtonCallCell.xib in Resources */ = {isa = PBXBuildFile; fileRef = 0836C481255CF61900C67DFC /* CustomButtonCallCell.xib */; };
		0836C487255CF61900C67DFC /* CustomButtonCallCell.xib in Resources */ = {isa = PBXBuildFile; fileRef = 0836C481255CF61900C67DFC /* CustomButtonCallCell.xib */; };
		08393CDC255C423F006B2FF3 /* ListUsersViewController.swift in Sources */ = {isa = PBXBuildFile; fileRef = 08393CDB255C423F006B2FF3 /* ListUsersViewController.swift */; };
		08393CDD255C423F006B2FF3 /* ListUsersViewController.swift in Sources */ = {isa = PBXBuildFile; fileRef = 08393CDB255C423F006B2FF3 /* ListUsersViewController.swift */; };
		08393CDE255C423F006B2FF3 /* ListUsersViewController.swift in Sources */ = {isa = PBXBuildFile; fileRef = 08393CDB255C423F006B2FF3 /* ListUsersViewController.swift */; };
		08393CE0255C4253006B2FF3 /* listUser.storyboard in Resources */ = {isa = PBXBuildFile; fileRef = 08393CDF255C4252006B2FF3 /* listUser.storyboard */; };
		08393CE1255C4253006B2FF3 /* listUser.storyboard in Resources */ = {isa = PBXBuildFile; fileRef = 08393CDF255C4252006B2FF3 /* listUser.storyboard */; };
		08393CE2255C4253006B2FF3 /* listUser.storyboard in Resources */ = {isa = PBXBuildFile; fileRef = 08393CDF255C4252006B2FF3 /* listUser.storyboard */; };
		08393CE4255C429A006B2FF3 /* ListUsersModel.swift in Sources */ = {isa = PBXBuildFile; fileRef = 08393CE3255C429A006B2FF3 /* ListUsersModel.swift */; };
		08393CE5255C429A006B2FF3 /* ListUsersModel.swift in Sources */ = {isa = PBXBuildFile; fileRef = 08393CE3255C429A006B2FF3 /* ListUsersModel.swift */; };
		08393CE6255C429A006B2FF3 /* ListUsersModel.swift in Sources */ = {isa = PBXBuildFile; fileRef = 08393CE3255C429A006B2FF3 /* ListUsersModel.swift */; };
		08393CEA255C4412006B2FF3 /* ListUserCell.swift in Sources */ = {isa = PBXBuildFile; fileRef = 08393CE8255C4412006B2FF3 /* ListUserCell.swift */; };
		08393CEB255C4412006B2FF3 /* ListUserCell.swift in Sources */ = {isa = PBXBuildFile; fileRef = 08393CE8255C4412006B2FF3 /* ListUserCell.swift */; };
		08393CEC255C4412006B2FF3 /* ListUserCell.swift in Sources */ = {isa = PBXBuildFile; fileRef = 08393CE8255C4412006B2FF3 /* ListUserCell.swift */; };
		08393CED255C4412006B2FF3 /* ListUserCell.xib in Resources */ = {isa = PBXBuildFile; fileRef = 08393CE9255C4412006B2FF3 /* ListUserCell.xib */; };
		08393CEE255C4412006B2FF3 /* ListUserCell.xib in Resources */ = {isa = PBXBuildFile; fileRef = 08393CE9255C4412006B2FF3 /* ListUserCell.xib */; };
		08393CEF255C4412006B2FF3 /* ListUserCell.xib in Resources */ = {isa = PBXBuildFile; fileRef = 08393CE9255C4412006B2FF3 /* ListUserCell.xib */; };
		084572D625525DA1008C5D4F /* server.js in Sources */ = {isa = PBXBuildFile; fileRef = 084572D525525DA1008C5D4F /* server.js */; };
		084572D825525DBE008C5D4F /* package.json in Sources */ = {isa = PBXBuildFile; fileRef = 084572D725525DBE008C5D4F /* package.json */; };
		084572DA25525E01008C5D4F /* package-lock.json in Sources */ = {isa = PBXBuildFile; fileRef = 084572D925525E01008C5D4F /* package-lock.json */; };
		0876A359253C948200D968E5 /* HomeViewController.swift in Sources */ = {isa = PBXBuildFile; fileRef = 0876A358253C948200D968E5 /* HomeViewController.swift */; };
		0876A35A253C948200D968E5 /* HomeViewController.swift in Sources */ = {isa = PBXBuildFile; fileRef = 0876A358253C948200D968E5 /* HomeViewController.swift */; };
		0876A35B253C948200D968E5 /* HomeViewController.swift in Sources */ = {isa = PBXBuildFile; fileRef = 0876A358253C948200D968E5 /* HomeViewController.swift */; };
		087F987113AD9188B8F2933C /* Pods_iseeyou_iseeyouUITests.framework in Frameworks */ = {isa = PBXBuildFile; fileRef = 01572196F1B7EADC0D9450D6 /* Pods_iseeyou_iseeyouUITests.framework */; };
		08B4F1D1255BCDDE00339C0A /* SaveDataDefaults.swift in Sources */ = {isa = PBXBuildFile; fileRef = 08B4F1D0255BCDDE00339C0A /* SaveDataDefaults.swift */; };
		08B4F1D2255BCDDE00339C0A /* SaveDataDefaults.swift in Sources */ = {isa = PBXBuildFile; fileRef = 08B4F1D0255BCDDE00339C0A /* SaveDataDefaults.swift */; };
		08B4F1D3255BCDDE00339C0A /* SaveDataDefaults.swift in Sources */ = {isa = PBXBuildFile; fileRef = 08B4F1D0255BCDDE00339C0A /* SaveDataDefaults.swift */; };
		08B4F1D5255BD8E700339C0A /* tabbarcontrollerViewController.swift in Sources */ = {isa = PBXBuildFile; fileRef = 08B4F1D4255BD8E700339C0A /* tabbarcontrollerViewController.swift */; };
		08B4F1D6255BD8E700339C0A /* tabbarcontrollerViewController.swift in Sources */ = {isa = PBXBuildFile; fileRef = 08B4F1D4255BD8E700339C0A /* tabbarcontrollerViewController.swift */; };
		08B4F1D7255BD8E700339C0A /* tabbarcontrollerViewController.swift in Sources */ = {isa = PBXBuildFile; fileRef = 08B4F1D4255BD8E700339C0A /* tabbarcontrollerViewController.swift */; };
		08B4F1D9255BDC2E00339C0A /* R.generated.swift in Sources */ = {isa = PBXBuildFile; fileRef = 08B4F1D8255BDC2E00339C0A /* R.generated.swift */; };
		08B4F1DA255BDC2E00339C0A /* R.generated.swift in Sources */ = {isa = PBXBuildFile; fileRef = 08B4F1D8255BDC2E00339C0A /* R.generated.swift */; };
		08B4F1DB255BDC2E00339C0A /* R.generated.swift in Sources */ = {isa = PBXBuildFile; fileRef = 08B4F1D8255BDC2E00339C0A /* R.generated.swift */; };
		08B4F1EB255BE6C100339C0A /* LoginViewModel.swift in Sources */ = {isa = PBXBuildFile; fileRef = 08B4F1EA255BE6C100339C0A /* LoginViewModel.swift */; };
		08B4F1EC255BE6C100339C0A /* LoginViewModel.swift in Sources */ = {isa = PBXBuildFile; fileRef = 08B4F1EA255BE6C100339C0A /* LoginViewModel.swift */; };
		08B4F1ED255BE6C100339C0A /* LoginViewModel.swift in Sources */ = {isa = PBXBuildFile; fileRef = 08B4F1EA255BE6C100339C0A /* LoginViewModel.swift */; };
		08F89B6F254BEF400089782B /* DialogHelper.swift in Sources */ = {isa = PBXBuildFile; fileRef = 08F89B6E254BEF400089782B /* DialogHelper.swift */; };
		08F89B70254BEF400089782B /* DialogHelper.swift in Sources */ = {isa = PBXBuildFile; fileRef = 08F89B6E254BEF400089782B /* DialogHelper.swift */; };
		08F89B71254BEF400089782B /* DialogHelper.swift in Sources */ = {isa = PBXBuildFile; fileRef = 08F89B6E254BEF400089782B /* DialogHelper.swift */; };
		08F89B73254BF3170089782B /* Constant.swift in Sources */ = {isa = PBXBuildFile; fileRef = 08F89B72254BF3170089782B /* Constant.swift */; };
		08F89B74254BF3170089782B /* Constant.swift in Sources */ = {isa = PBXBuildFile; fileRef = 08F89B72254BF3170089782B /* Constant.swift */; };
		08F89B75254BF3170089782B /* Constant.swift in Sources */ = {isa = PBXBuildFile; fileRef = 08F89B72254BF3170089782B /* Constant.swift */; };
		08F89B78254BF3EE0089782B /* ApiService.swift in Sources */ = {isa = PBXBuildFile; fileRef = 08F89B77254BF3EE0089782B /* ApiService.swift */; };
		08F89B79254BF3EE0089782B /* ApiService.swift in Sources */ = {isa = PBXBuildFile; fileRef = 08F89B77254BF3EE0089782B /* ApiService.swift */; };
		08F89B7A254BF3EE0089782B /* ApiService.swift in Sources */ = {isa = PBXBuildFile; fileRef = 08F89B77254BF3EE0089782B /* ApiService.swift */; };
		08F89B7D254BF46D0089782B /* AuthRepository.swift in Sources */ = {isa = PBXBuildFile; fileRef = 08F89B7C254BF46D0089782B /* AuthRepository.swift */; };
		08F89B7E254BF46D0089782B /* AuthRepository.swift in Sources */ = {isa = PBXBuildFile; fileRef = 08F89B7C254BF46D0089782B /* AuthRepository.swift */; };
		08F89B7F254BF46D0089782B /* AuthRepository.swift in Sources */ = {isa = PBXBuildFile; fileRef = 08F89B7C254BF46D0089782B /* AuthRepository.swift */; };
		08F89B81254BF4920089782B /* AuthService.swift in Sources */ = {isa = PBXBuildFile; fileRef = 08F89B80254BF4920089782B /* AuthService.swift */; };
		08F89B82254BF4920089782B /* AuthService.swift in Sources */ = {isa = PBXBuildFile; fileRef = 08F89B80254BF4920089782B /* AuthService.swift */; };
		08F89B83254BF4920089782B /* AuthService.swift in Sources */ = {isa = PBXBuildFile; fileRef = 08F89B80254BF4920089782B /* AuthService.swift */; };
		08F89B85254BF5E50089782B /* UIColorExtension.swift in Sources */ = {isa = PBXBuildFile; fileRef = 08F89B84254BF5E50089782B /* UIColorExtension.swift */; };
		08F89B86254BF5E50089782B /* UIColorExtension.swift in Sources */ = {isa = PBXBuildFile; fileRef = 08F89B84254BF5E50089782B /* UIColorExtension.swift */; };
		08F89B87254BF5E50089782B /* UIColorExtension.swift in Sources */ = {isa = PBXBuildFile; fileRef = 08F89B84254BF5E50089782B /* UIColorExtension.swift */; };
		2A0A3CE975A4B3C768A7452E /* Pods_iseeyouTests.framework in Frameworks */ = {isa = PBXBuildFile; fileRef = A88BE199B2000970BB59225E /* Pods_iseeyouTests.framework */; };
		3FB736850858452CAB939054 /* Pods_iseeyou.framework in Frameworks */ = {isa = PBXBuildFile; fileRef = F2181B5D9C99707504D96DA4 /* Pods_iseeyou.framework */; };
/* End PBXBuildFile section */

/* Begin PBXContainerItemProxy section */
		08263CBE25385963003996D4 /* PBXContainerItemProxy */ = {
			isa = PBXContainerItemProxy;
			containerPortal = 08263C9F25385962003996D4 /* Project object */;
			proxyType = 1;
			remoteGlobalIDString = 08263CA625385962003996D4;
			remoteInfo = iseeyou;
		};
		08263CC925385963003996D4 /* PBXContainerItemProxy */ = {
			isa = PBXContainerItemProxy;
			containerPortal = 08263C9F25385962003996D4 /* Project object */;
			proxyType = 1;
			remoteGlobalIDString = 08263CA625385962003996D4;
			remoteInfo = iseeyou;
		};
/* End PBXContainerItemProxy section */

/* Begin PBXFileReference section */
		01572196F1B7EADC0D9450D6 /* Pods_iseeyou_iseeyouUITests.framework */ = {isa = PBXFileReference; explicitFileType = wrapper.framework; includeInIndex = 0; path = Pods_iseeyou_iseeyouUITests.framework; sourceTree = BUILT_PRODUCTS_DIR; };
		01E994A2CE416ABBF092211C /* Pods-iseeyouTests.release.xcconfig */ = {isa = PBXFileReference; includeInIndex = 1; lastKnownFileType = text.xcconfig; name = "Pods-iseeyouTests.release.xcconfig"; path = "Target Support Files/Pods-iseeyouTests/Pods-iseeyouTests.release.xcconfig"; sourceTree = "<group>"; };
		080C5C7525457EE600F4627B /* TextFieldAndLabelCell.swift */ = {isa = PBXFileReference; lastKnownFileType = sourcecode.swift; path = TextFieldAndLabelCell.swift; sourceTree = "<group>"; };
		080C5C7625457EE600F4627B /* TextFieldAndLabelCell.xib */ = {isa = PBXFileReference; lastKnownFileType = file.xib; path = TextFieldAndLabelCell.xib; sourceTree = "<group>"; };
		080C5C7E2545802300F4627B /* RegisterViewModel.swift */ = {isa = PBXFileReference; lastKnownFileType = sourcecode.swift; path = RegisterViewModel.swift; sourceTree = "<group>"; };
		080C5C872545848600F4627B /* TopRegisterCell.swift */ = {isa = PBXFileReference; lastKnownFileType = sourcecode.swift; path = TopRegisterCell.swift; sourceTree = "<group>"; };
		080C5C882545848600F4627B /* TopRegisterCell.xib */ = {isa = PBXFileReference; lastKnownFileType = file.xib; path = TopRegisterCell.xib; sourceTree = "<group>"; };
		080C5C8F2545864000F4627B /* CustomButtonCell.swift */ = {isa = PBXFileReference; lastKnownFileType = sourcecode.swift; path = CustomButtonCell.swift; sourceTree = "<group>"; };
		080C5C902545864000F4627B /* CustomButtonCell.xib */ = {isa = PBXFileReference; lastKnownFileType = file.xib; path = CustomButtonCell.xib; sourceTree = "<group>"; };
		08263CA725385962003996D4 /* iseeyou.app */ = {isa = PBXFileReference; explicitFileType = wrapper.application; includeInIndex = 0; path = iseeyou.app; sourceTree = BUILT_PRODUCTS_DIR; };
		08263CAA25385962003996D4 /* AppDelegate.swift */ = {isa = PBXFileReference; lastKnownFileType = sourcecode.swift; path = AppDelegate.swift; sourceTree = "<group>"; };
		08263CAC25385962003996D4 /* SceneDelegate.swift */ = {isa = PBXFileReference; lastKnownFileType = sourcecode.swift; path = SceneDelegate.swift; sourceTree = "<group>"; };
		08263CAE25385962003996D4 /* RegisterViewcontroller.swift */ = {isa = PBXFileReference; lastKnownFileType = sourcecode.swift; path = RegisterViewcontroller.swift; sourceTree = "<group>"; };
		08263CB125385962003996D4 /* Base */ = {isa = PBXFileReference; lastKnownFileType = file.storyboard; name = Base; path = Base.lproj/Main.storyboard; sourceTree = "<group>"; };
		08263CB325385963003996D4 /* Assets.xcassets */ = {isa = PBXFileReference; lastKnownFileType = folder.assetcatalog; path = Assets.xcassets; sourceTree = "<group>"; };
		08263CB625385963003996D4 /* Base */ = {isa = PBXFileReference; lastKnownFileType = file.storyboard; name = Base; path = Base.lproj/LaunchScreen.storyboard; sourceTree = "<group>"; };
		08263CB825385963003996D4 /* Info.plist */ = {isa = PBXFileReference; lastKnownFileType = text.plist.xml; path = Info.plist; sourceTree = "<group>"; };
		08263CBD25385963003996D4 /* iseeyouTests.xctest */ = {isa = PBXFileReference; explicitFileType = wrapper.cfbundle; includeInIndex = 0; path = iseeyouTests.xctest; sourceTree = BUILT_PRODUCTS_DIR; };
		08263CC125385963003996D4 /* iseeyouTests.swift */ = {isa = PBXFileReference; lastKnownFileType = sourcecode.swift; path = iseeyouTests.swift; sourceTree = "<group>"; };
		08263CC325385963003996D4 /* Info.plist */ = {isa = PBXFileReference; lastKnownFileType = text.plist.xml; path = Info.plist; sourceTree = "<group>"; };
		08263CC825385963003996D4 /* iseeyouUITests.xctest */ = {isa = PBXFileReference; explicitFileType = wrapper.cfbundle; includeInIndex = 0; path = iseeyouUITests.xctest; sourceTree = BUILT_PRODUCTS_DIR; };
		08263CCC25385963003996D4 /* iseeyouUITests.swift */ = {isa = PBXFileReference; lastKnownFileType = sourcecode.swift; path = iseeyouUITests.swift; sourceTree = "<group>"; };
		08263CCE25385963003996D4 /* Info.plist */ = {isa = PBXFileReference; lastKnownFileType = text.plist.xml; path = Info.plist; sourceTree = "<group>"; };
		08263CDA25385AFC003996D4 /* LoginViewController.swift */ = {isa = PBXFileReference; lastKnownFileType = sourcecode.swift; path = LoginViewController.swift; sourceTree = "<group>"; };
		082C487D254FEBCC000E6BC7 /* VideoCallViewController.swift */ = {isa = PBXFileReference; lastKnownFileType = sourcecode.swift; path = VideoCallViewController.swift; sourceTree = "<group>"; };
		082C4883254FECAC000E6BC7 /* RTCClient.swift */ = {isa = PBXFileReference; lastKnownFileType = sourcecode.swift; path = RTCClient.swift; sourceTree = "<group>"; };
		082C4885254FF888000E6BC7 /* RTCSimulatorVideoDecoderFactory.swift */ = {isa = PBXFileReference; lastKnownFileType = sourcecode.swift; path = RTCSimulatorVideoDecoderFactory.swift; sourceTree = "<group>"; };
		082C4887254FF89A000E6BC7 /* RTCSimluatorVideoEncoderFactory.swift */ = {isa = PBXFileReference; lastKnownFileType = sourcecode.swift; path = RTCSimluatorVideoEncoderFactory.swift; sourceTree = "<group>"; };
		082C48892550035B000E6BC7 /* RTCCustomFrameCapturer.swift */ = {isa = PBXFileReference; lastKnownFileType = sourcecode.swift; path = RTCCustomFrameCapturer.swift; sourceTree = "<group>"; };
		082C488C25501466000E6BC7 /* CameraFilter.swift */ = {isa = PBXFileReference; lastKnownFileType = sourcecode.swift; path = CameraFilter.swift; sourceTree = "<group>"; };
		082C488E2550147A000E6BC7 /* CameraSession.swift */ = {isa = PBXFileReference; lastKnownFileType = sourcecode.swift; path = CameraSession.swift; sourceTree = "<group>"; };
		082C489125501605000E6BC7 /* SignalingMessage.swift */ = {isa = PBXFileReference; lastKnownFileType = sourcecode.swift; path = SignalingMessage.swift; sourceTree = "<group>"; };
		0836C460255CD42000C67DFC /* ShowDialog.swift */ = {isa = PBXFileReference; lastKnownFileType = sourcecode.swift; path = ShowDialog.swift; sourceTree = "<group>"; };
		0836C462255CE4FF00C67DFC /* CHATViewController.swift */ = {isa = PBXFileReference; lastKnownFileType = sourcecode.swift; path = CHATViewController.swift; sourceTree = "<group>"; };
		0836C465255CE8D100C67DFC /* ProfileViewController.swift */ = {isa = PBXFileReference; lastKnownFileType = sourcecode.swift; path = ProfileViewController.swift; sourceTree = "<group>"; };
		0836C468255CE95800C67DFC /* TopProfileCell.swift */ = {isa = PBXFileReference; lastKnownFileType = sourcecode.swift; path = TopProfileCell.swift; sourceTree = "<group>"; };
		0836C469255CE95800C67DFC /* TopProfileCell.xib */ = {isa = PBXFileReference; lastKnownFileType = file.xib; path = TopProfileCell.xib; sourceTree = "<group>"; };
		0836C46C255CEF2B00C67DFC /* LabelWithArrowCel.swift */ = {isa = PBXFileReference; lastKnownFileType = sourcecode.swift; path = LabelWithArrowCel.swift; sourceTree = "<group>"; };
		0836C46D255CEF2B00C67DFC /* LabelWithArrowCel.xib */ = {isa = PBXFileReference; lastKnownFileType = file.xib; path = LabelWithArrowCel.xib; sourceTree = "<group>"; };
		0836C471255CF4A200C67DFC /* PrepareForCallViewController.swift */ = {isa = PBXFileReference; lastKnownFileType = sourcecode.swift; path = PrepareForCallViewController.swift; sourceTree = "<group>"; };
		0836C473255CF4BA00C67DFC /* PrepareForCallModel.swift */ = {isa = PBXFileReference; lastKnownFileType = sourcecode.swift; path = PrepareForCallModel.swift; sourceTree = "<group>"; };
		0836C47A255CF57600C67DFC /* ProfileViewModel.swift */ = {isa = PBXFileReference; lastKnownFileType = sourcecode.swift; path = ProfileViewModel.swift; sourceTree = "<group>"; };
		0836C47C255CF5AE00C67DFC /* prepare.storyboard */ = {isa = PBXFileReference; lastKnownFileType = file.storyboard; path = prepare.storyboard; sourceTree = "<group>"; };
		0836C480255CF61900C67DFC /* CustomButtonCallCell.swift */ = {isa = PBXFileReference; lastKnownFileType = sourcecode.swift; path = CustomButtonCallCell.swift; sourceTree = "<group>"; };
		0836C481255CF61900C67DFC /* CustomButtonCallCell.xib */ = {isa = PBXFileReference; lastKnownFileType = file.xib; path = CustomButtonCallCell.xib; sourceTree = "<group>"; };
		08393CDB255C423F006B2FF3 /* ListUsersViewController.swift */ = {isa = PBXFileReference; lastKnownFileType = sourcecode.swift; path = ListUsersViewController.swift; sourceTree = "<group>"; };
		08393CDF255C4252006B2FF3 /* listUser.storyboard */ = {isa = PBXFileReference; lastKnownFileType = file.storyboard; path = listUser.storyboard; sourceTree = "<group>"; };
		08393CE3255C429A006B2FF3 /* ListUsersModel.swift */ = {isa = PBXFileReference; lastKnownFileType = sourcecode.swift; path = ListUsersModel.swift; sourceTree = "<group>"; };
		08393CE8255C4412006B2FF3 /* ListUserCell.swift */ = {isa = PBXFileReference; lastKnownFileType = sourcecode.swift; path = ListUserCell.swift; sourceTree = "<group>"; };
		08393CE9255C4412006B2FF3 /* ListUserCell.xib */ = {isa = PBXFileReference; lastKnownFileType = file.xib; path = ListUserCell.xib; sourceTree = "<group>"; };
		084572D525525DA1008C5D4F /* server.js */ = {isa = PBXFileReference; lastKnownFileType = sourcecode.javascript; path = server.js; sourceTree = "<group>"; };
		084572D725525DBE008C5D4F /* package.json */ = {isa = PBXFileReference; lastKnownFileType = text.json; path = package.json; sourceTree = "<group>"; };
		084572D925525E01008C5D4F /* package-lock.json */ = {isa = PBXFileReference; lastKnownFileType = text.json; path = "package-lock.json"; sourceTree = "<group>"; };
		0876A358253C948200D968E5 /* HomeViewController.swift */ = {isa = PBXFileReference; lastKnownFileType = sourcecode.swift; path = HomeViewController.swift; sourceTree = "<group>"; };
		08B4F1D0255BCDDE00339C0A /* SaveDataDefaults.swift */ = {isa = PBXFileReference; lastKnownFileType = sourcecode.swift; path = SaveDataDefaults.swift; sourceTree = "<group>"; };
		08B4F1D4255BD8E700339C0A /* tabbarcontrollerViewController.swift */ = {isa = PBXFileReference; lastKnownFileType = sourcecode.swift; path = tabbarcontrollerViewController.swift; sourceTree = "<group>"; };
		08B4F1D8255BDC2E00339C0A /* R.generated.swift */ = {isa = PBXFileReference; fileEncoding = 4; lastKnownFileType = sourcecode.swift; path = R.generated.swift; sourceTree = SOURCE_ROOT; };
		08B4F1EA255BE6C100339C0A /* LoginViewModel.swift */ = {isa = PBXFileReference; lastKnownFileType = sourcecode.swift; path = LoginViewModel.swift; sourceTree = "<group>"; };
		08F89B6E254BEF400089782B /* DialogHelper.swift */ = {isa = PBXFileReference; lastKnownFileType = sourcecode.swift; path = DialogHelper.swift; sourceTree = "<group>"; };
		08F89B72254BF3170089782B /* Constant.swift */ = {isa = PBXFileReference; lastKnownFileType = sourcecode.swift; path = Constant.swift; sourceTree = "<group>"; };
		08F89B77254BF3EE0089782B /* ApiService.swift */ = {isa = PBXFileReference; lastKnownFileType = sourcecode.swift; path = ApiService.swift; sourceTree = "<group>"; };
		08F89B7C254BF46D0089782B /* AuthRepository.swift */ = {isa = PBXFileReference; lastKnownFileType = sourcecode.swift; path = AuthRepository.swift; sourceTree = "<group>"; };
		08F89B80254BF4920089782B /* AuthService.swift */ = {isa = PBXFileReference; lastKnownFileType = sourcecode.swift; path = AuthService.swift; sourceTree = "<group>"; };
		08F89B84254BF5E50089782B /* UIColorExtension.swift */ = {isa = PBXFileReference; lastKnownFileType = sourcecode.swift; path = UIColorExtension.swift; sourceTree = "<group>"; };
		143837408A9364E21B2BDCC3 /* Pods-iseeyouTests.debug.xcconfig */ = {isa = PBXFileReference; includeInIndex = 1; lastKnownFileType = text.xcconfig; name = "Pods-iseeyouTests.debug.xcconfig"; path = "Target Support Files/Pods-iseeyouTests/Pods-iseeyouTests.debug.xcconfig"; sourceTree = "<group>"; };
		35BB660F0206F77A376AF69C /* Pods-iseeyou.release.xcconfig */ = {isa = PBXFileReference; includeInIndex = 1; lastKnownFileType = text.xcconfig; name = "Pods-iseeyou.release.xcconfig"; path = "Target Support Files/Pods-iseeyou/Pods-iseeyou.release.xcconfig"; sourceTree = "<group>"; };
		A88BE199B2000970BB59225E /* Pods_iseeyouTests.framework */ = {isa = PBXFileReference; explicitFileType = wrapper.framework; includeInIndex = 0; path = Pods_iseeyouTests.framework; sourceTree = BUILT_PRODUCTS_DIR; };
		B1CD22A3E975AEB85DA8F688 /* Pods-iseeyou.debug.xcconfig */ = {isa = PBXFileReference; includeInIndex = 1; lastKnownFileType = text.xcconfig; name = "Pods-iseeyou.debug.xcconfig"; path = "Target Support Files/Pods-iseeyou/Pods-iseeyou.debug.xcconfig"; sourceTree = "<group>"; };
		E331F59292A291BD86E448AF /* Pods-iseeyou-iseeyouUITests.release.xcconfig */ = {isa = PBXFileReference; includeInIndex = 1; lastKnownFileType = text.xcconfig; name = "Pods-iseeyou-iseeyouUITests.release.xcconfig"; path = "Target Support Files/Pods-iseeyou-iseeyouUITests/Pods-iseeyou-iseeyouUITests.release.xcconfig"; sourceTree = "<group>"; };
		E3D3053FDABCE77891CFC471 /* Pods-iseeyou-iseeyouUITests.debug.xcconfig */ = {isa = PBXFileReference; includeInIndex = 1; lastKnownFileType = text.xcconfig; name = "Pods-iseeyou-iseeyouUITests.debug.xcconfig"; path = "Target Support Files/Pods-iseeyou-iseeyouUITests/Pods-iseeyou-iseeyouUITests.debug.xcconfig"; sourceTree = "<group>"; };
		F2181B5D9C99707504D96DA4 /* Pods_iseeyou.framework */ = {isa = PBXFileReference; explicitFileType = wrapper.framework; includeInIndex = 0; path = Pods_iseeyou.framework; sourceTree = BUILT_PRODUCTS_DIR; };
/* End PBXFileReference section */

/* Begin PBXFrameworksBuildPhase section */
		08263CA425385962003996D4 /* Frameworks */ = {
			isa = PBXFrameworksBuildPhase;
			buildActionMask = 2147483647;
			files = (
				3FB736850858452CAB939054 /* Pods_iseeyou.framework in Frameworks */,
			);
			runOnlyForDeploymentPostprocessing = 0;
		};
		08263CBA25385963003996D4 /* Frameworks */ = {
			isa = PBXFrameworksBuildPhase;
			buildActionMask = 2147483647;
			files = (
				2A0A3CE975A4B3C768A7452E /* Pods_iseeyouTests.framework in Frameworks */,
			);
			runOnlyForDeploymentPostprocessing = 0;
		};
		08263CC525385963003996D4 /* Frameworks */ = {
			isa = PBXFrameworksBuildPhase;
			buildActionMask = 2147483647;
			files = (
				087F987113AD9188B8F2933C /* Pods_iseeyou_iseeyouUITests.framework in Frameworks */,
			);
			runOnlyForDeploymentPostprocessing = 0;
		};
/* End PBXFrameworksBuildPhase section */

/* Begin PBXGroup section */
		070CAE04A451D3354F71D34B /* Pods */ = {
			isa = PBXGroup;
			children = (
				B1CD22A3E975AEB85DA8F688 /* Pods-iseeyou.debug.xcconfig */,
				35BB660F0206F77A376AF69C /* Pods-iseeyou.release.xcconfig */,
				E3D3053FDABCE77891CFC471 /* Pods-iseeyou-iseeyouUITests.debug.xcconfig */,
				E331F59292A291BD86E448AF /* Pods-iseeyou-iseeyouUITests.release.xcconfig */,
				143837408A9364E21B2BDCC3 /* Pods-iseeyouTests.debug.xcconfig */,
				01E994A2CE416ABBF092211C /* Pods-iseeyouTests.release.xcconfig */,
			);
			path = Pods;
			sourceTree = "<group>";
		};
		080C5C7425457EBB00F4627B /* Views */ = {
			isa = PBXGroup;
			children = (
				08393CE7255C43F7006B2FF3 /* ListUserCell */,
				080C5C862545846900F4627B /* TopRegisterCell */,
				080C5C7525457EE600F4627B /* TextFieldAndLabelCell.swift */,
				080C5C7625457EE600F4627B /* TextFieldAndLabelCell.xib */,
				080C5C8F2545864000F4627B /* CustomButtonCell.swift */,
				080C5C902545864000F4627B /* CustomButtonCell.xib */,
			);
			path = Views;
			sourceTree = "<group>";
		};
		080C5C7D2545800800F4627B /* RegisterScreen */ = {
			isa = PBXGroup;
			children = (
				08263CAE25385962003996D4 /* RegisterViewcontroller.swift */,
				080C5C7E2545802300F4627B /* RegisterViewModel.swift */,
				08B4F1D4255BD8E700339C0A /* tabbarcontrollerViewController.swift */,
			);
			path = RegisterScreen;
			sourceTree = "<group>";
		};
		080C5C862545846900F4627B /* TopRegisterCell */ = {
			isa = PBXGroup;
			children = (
				080C5C872545848600F4627B /* TopRegisterCell.swift */,
				080C5C882545848600F4627B /* TopRegisterCell.xib */,
			);
			path = TopRegisterCell;
			sourceTree = "<group>";
		};
		08263C9E25385962003996D4 = {
			isa = PBXGroup;
			children = (
				08263CA925385962003996D4 /* iseeyou */,
				08263CC025385963003996D4 /* iseeyouTests */,
				08263CCB25385963003996D4 /* iseeyouUITests */,
				08263CA825385962003996D4 /* Products */,
				070CAE04A451D3354F71D34B /* Pods */,
				6A70AF361F2DE54F025D0BC1 /* Frameworks */,
			);
			sourceTree = "<group>";
		};
		08263CA825385962003996D4 /* Products */ = {
			isa = PBXGroup;
			children = (
				08263CA725385962003996D4 /* iseeyou.app */,
				08263CBD25385963003996D4 /* iseeyouTests.xctest */,
				08263CC825385963003996D4 /* iseeyouUITests.xctest */,
			);
			name = Products;
			sourceTree = "<group>";
		};
		08263CA925385962003996D4 /* iseeyou */ = {
			isa = PBXGroup;
			children = (
				084572DB25525F04008C5D4F /* ApiServer */,
				084572D425525D7A008C5D4F /* SignalingServer */,
				082C4890255015EA000E6BC7 /* Data */,
				082C488B25501443000E6BC7 /* Camera */,
				082C4882254FEC87000E6BC7 /* WebRTC */,
				08F89B76254BF3E50089782B /* Service */,
				08F89B6D254BEF2F0089782B /* Extension */,
				080C5C7425457EBB00F4627B /* Views */,
				082C4881254FEBF5000E6BC7 /* SupportFile */,
				0876A356253C945200D968E5 /* Screen */,
				08263CB025385962003996D4 /* Main.storyboard */,
			);
			path = iseeyou;
			sourceTree = "<group>";
		};
		08263CC025385963003996D4 /* iseeyouTests */ = {
			isa = PBXGroup;
			children = (
				08263CC125385963003996D4 /* iseeyouTests.swift */,
				08263CC325385963003996D4 /* Info.plist */,
			);
			path = iseeyouTests;
			sourceTree = "<group>";
		};
		08263CCB25385963003996D4 /* iseeyouUITests */ = {
			isa = PBXGroup;
			children = (
				08263CCC25385963003996D4 /* iseeyouUITests.swift */,
				08263CCE25385963003996D4 /* Info.plist */,
			);
			path = iseeyouUITests;
			sourceTree = "<group>";
		};
		082C487C254FEBB0000E6BC7 /* VideoCall */ = {
			isa = PBXGroup;
			children = (
				082C487D254FEBCC000E6BC7 /* VideoCallViewController.swift */,
			);
			path = VideoCall;
			sourceTree = "<group>";
		};
		082C4881254FEBF5000E6BC7 /* SupportFile */ = {
			isa = PBXGroup;
			children = (
				08263CB825385963003996D4 /* Info.plist */,
				08263CAA25385962003996D4 /* AppDelegate.swift */,
				08263CAC25385962003996D4 /* SceneDelegate.swift */,
				08B4F1D8255BDC2E00339C0A /* R.generated.swift */,
				08263CB525385963003996D4 /* LaunchScreen.storyboard */,
				08263CB325385963003996D4 /* Assets.xcassets */,
			);
			path = SupportFile;
			sourceTree = "<group>";
		};
		082C4882254FEC87000E6BC7 /* WebRTC */ = {
			isa = PBXGroup;
			children = (
				082C4883254FECAC000E6BC7 /* RTCClient.swift */,
				082C4885254FF888000E6BC7 /* RTCSimulatorVideoDecoderFactory.swift */,
				082C4887254FF89A000E6BC7 /* RTCSimluatorVideoEncoderFactory.swift */,
				082C48892550035B000E6BC7 /* RTCCustomFrameCapturer.swift */,
			);
			path = WebRTC;
			sourceTree = "<group>";
		};
		082C488B25501443000E6BC7 /* Camera */ = {
			isa = PBXGroup;
			children = (
				082C488C25501466000E6BC7 /* CameraFilter.swift */,
				082C488E2550147A000E6BC7 /* CameraSession.swift */,
			);
			path = Camera;
			sourceTree = "<group>";
		};
		082C4890255015EA000E6BC7 /* Data */ = {
			isa = PBXGroup;
			children = (
				082C489125501605000E6BC7 /* SignalingMessage.swift */,
			);
			path = Data;
			sourceTree = "<group>";
		};
		0836C464255CE65400C67DFC /* ProfileViewController */ = {
			isa = PBXGroup;
			children = (
				0836C467255CE93400C67DFC /* Cell */,
				0836C465255CE8D100C67DFC /* ProfileViewController.swift */,
				0836C47A255CF57600C67DFC /* ProfileViewModel.swift */,
			);
			path = ProfileViewController;
			sourceTree = "<group>";
		};
		0836C467255CE93400C67DFC /* Cell */ = {
			isa = PBXGroup;
			children = (
				0836C468255CE95800C67DFC /* TopProfileCell.swift */,
				0836C469255CE95800C67DFC /* TopProfileCell.xib */,
				0836C46C255CEF2B00C67DFC /* LabelWithArrowCel.swift */,
				0836C46D255CEF2B00C67DFC /* LabelWithArrowCel.xib */,
			);
			path = Cell;
			sourceTree = "<group>";
		};
		0836C470255CF45100C67DFC /* PrepareForCallViewController */ = {
			isa = PBXGroup;
			children = (
				0836C475255CF50100C67DFC /* Cell */,
				0836C471255CF4A200C67DFC /* PrepareForCallViewController.swift */,
				0836C473255CF4BA00C67DFC /* PrepareForCallModel.swift */,
				0836C47C255CF5AE00C67DFC /* prepare.storyboard */,
			);
			path = PrepareForCallViewController;
			sourceTree = "<group>";
		};
		0836C475255CF50100C67DFC /* Cell */ = {
			isa = PBXGroup;
			children = (
				0836C480255CF61900C67DFC /* CustomButtonCallCell.swift */,
				0836C481255CF61900C67DFC /* CustomButtonCallCell.xib */,
			);
			path = Cell;
			sourceTree = "<group>";
		};
		08393CDA255C41D3006B2FF3 /* ListUser */ = {
			isa = PBXGroup;
			children = (
				08393CDB255C423F006B2FF3 /* ListUsersViewController.swift */,
				08393CDF255C4252006B2FF3 /* listUser.storyboard */,
				08393CE3255C429A006B2FF3 /* ListUsersModel.swift */,
			);
			path = ListUser;
			sourceTree = "<group>";
		};
		08393CE7255C43F7006B2FF3 /* ListUserCell */ = {
			isa = PBXGroup;
			children = (
				08393CE8255C4412006B2FF3 /* ListUserCell.swift */,
				08393CE9255C4412006B2FF3 /* ListUserCell.xib */,
			);
			path = ListUserCell;
			sourceTree = "<group>";
		};
		084572D425525D7A008C5D4F /* SignalingServer */ = {
			isa = PBXGroup;
			children = (
				084572D525525DA1008C5D4F /* server.js */,
				084572D725525DBE008C5D4F /* package.json */,
				084572D925525E01008C5D4F /* package-lock.json */,
			);
			path = SignalingServer;
			sourceTree = "<group>";
		};
		084572DB25525F04008C5D4F /* ApiServer */ = {
			isa = PBXGroup;
			children = (
			);
			path = ApiServer;
			sourceTree = "<group>";
		};
		0876A356253C945200D968E5 /* Screen */ = {
			isa = PBXGroup;
			children = (
				0836C470255CF45100C67DFC /* PrepareForCallViewController */,
				0836C464255CE65400C67DFC /* ProfileViewController */,
				08393CDA255C41D3006B2FF3 /* ListUser */,
				08B4F1E9255BE6AF00339C0A /* LoginScreen */,
				082C487C254FEBB0000E6BC7 /* VideoCall */,
				080C5C7D2545800800F4627B /* RegisterScreen */,
				0876A358253C948200D968E5 /* HomeViewController.swift */,
				0836C462255CE4FF00C67DFC /* CHATViewController.swift */,
			);
			path = Screen;
			sourceTree = "<group>";
		};
		08B4F1E9255BE6AF00339C0A /* LoginScreen */ = {
			isa = PBXGroup;
			children = (
				08263CDA25385AFC003996D4 /* LoginViewController.swift */,
				08B4F1EA255BE6C100339C0A /* LoginViewModel.swift */,
			);
			path = LoginScreen;
			sourceTree = "<group>";
		};
		08F89B6D254BEF2F0089782B /* Extension */ = {
			isa = PBXGroup;
			children = (
				08F89B6E254BEF400089782B /* DialogHelper.swift */,
				08F89B72254BF3170089782B /* Constant.swift */,
				08F89B84254BF5E50089782B /* UIColorExtension.swift */,
				08B4F1D0255BCDDE00339C0A /* SaveDataDefaults.swift */,
				0836C460255CD42000C67DFC /* ShowDialog.swift */,
			);
			path = Extension;
			sourceTree = "<group>";
		};
		08F89B76254BF3E50089782B /* Service */ = {
			isa = PBXGroup;
			children = (
				08F89B7B254BF45A0089782B /* AuthService */,
				08F89B77254BF3EE0089782B /* ApiService.swift */,
			);
			path = Service;
			sourceTree = "<group>";
		};
		08F89B7B254BF45A0089782B /* AuthService */ = {
			isa = PBXGroup;
			children = (
				08F89B7C254BF46D0089782B /* AuthRepository.swift */,
				08F89B80254BF4920089782B /* AuthService.swift */,
			);
			path = AuthService;
			sourceTree = "<group>";
		};
		6A70AF361F2DE54F025D0BC1 /* Frameworks */ = {
			isa = PBXGroup;
			children = (
				F2181B5D9C99707504D96DA4 /* Pods_iseeyou.framework */,
				01572196F1B7EADC0D9450D6 /* Pods_iseeyou_iseeyouUITests.framework */,
				A88BE199B2000970BB59225E /* Pods_iseeyouTests.framework */,
			);
			name = Frameworks;
			sourceTree = "<group>";
		};
/* End PBXGroup section */

/* Begin PBXNativeTarget section */
		08263CA625385962003996D4 /* iseeyou */ = {
			isa = PBXNativeTarget;
			buildConfigurationList = 08263CD125385963003996D4 /* Build configuration list for PBXNativeTarget "iseeyou" */;
			buildPhases = (
				874575E3C722A404D633E20F /* [CP] Check Pods Manifest.lock */,
				08263CDE253860E7003996D4 /* ShellScript */,
				08263CA325385962003996D4 /* Sources */,
				08263CA425385962003996D4 /* Frameworks */,
				08263CA525385962003996D4 /* Resources */,
				7115BBAD2F52FF3FC7B39B81 /* [CP] Embed Pods Frameworks */,
			);
			buildRules = (
			);
			dependencies = (
			);
			name = iseeyou;
			productName = iseeyou;
			productReference = 08263CA725385962003996D4 /* iseeyou.app */;
			productType = "com.apple.product-type.application";
		};
		08263CBC25385963003996D4 /* iseeyouTests */ = {
			isa = PBXNativeTarget;
			buildConfigurationList = 08263CD425385963003996D4 /* Build configuration list for PBXNativeTarget "iseeyouTests" */;
			buildPhases = (
				FCE975DE32EAA22823311DFC /* [CP] Check Pods Manifest.lock */,
				08263CB925385963003996D4 /* Sources */,
				08263CBA25385963003996D4 /* Frameworks */,
				08263CBB25385963003996D4 /* Resources */,
			);
			buildRules = (
			);
			dependencies = (
				08263CBF25385963003996D4 /* PBXTargetDependency */,
			);
			name = iseeyouTests;
			productName = iseeyouTests;
			productReference = 08263CBD25385963003996D4 /* iseeyouTests.xctest */;
			productType = "com.apple.product-type.bundle.unit-test";
		};
		08263CC725385963003996D4 /* iseeyouUITests */ = {
			isa = PBXNativeTarget;
			buildConfigurationList = 08263CD725385963003996D4 /* Build configuration list for PBXNativeTarget "iseeyouUITests" */;
			buildPhases = (
				10E2A7C3BEE037D9200FABD1 /* [CP] Check Pods Manifest.lock */,
				08263CC425385963003996D4 /* Sources */,
				08263CC525385963003996D4 /* Frameworks */,
				08263CC625385963003996D4 /* Resources */,
				58248AE1EFEA24393A29776D /* [CP] Embed Pods Frameworks */,
			);
			buildRules = (
			);
			dependencies = (
				08263CCA25385963003996D4 /* PBXTargetDependency */,
			);
			name = iseeyouUITests;
			productName = iseeyouUITests;
			productReference = 08263CC825385963003996D4 /* iseeyouUITests.xctest */;
			productType = "com.apple.product-type.bundle.ui-testing";
		};
/* End PBXNativeTarget section */

/* Begin PBXProject section */
		08263C9F25385962003996D4 /* Project object */ = {
			isa = PBXProject;
			attributes = {
				LastSwiftUpdateCheck = 1140;
				LastUpgradeCheck = 1140;
				ORGANIZATIONNAME = truc;
				TargetAttributes = {
					08263CA625385962003996D4 = {
						CreatedOnToolsVersion = 11.4.1;
					};
					08263CBC25385963003996D4 = {
						CreatedOnToolsVersion = 11.4.1;
						TestTargetID = 08263CA625385962003996D4;
					};
					08263CC725385963003996D4 = {
						CreatedOnToolsVersion = 11.4.1;
						TestTargetID = 08263CA625385962003996D4;
					};
				};
			};
			buildConfigurationList = 08263CA225385962003996D4 /* Build configuration list for PBXProject "iseeyou" */;
			compatibilityVersion = "Xcode 9.3";
			developmentRegion = en;
			hasScannedForEncodings = 0;
			knownRegions = (
				en,
				Base,
			);
			mainGroup = 08263C9E25385962003996D4;
			productRefGroup = 08263CA825385962003996D4 /* Products */;
			projectDirPath = "";
			projectRoot = "";
			targets = (
				08263CA625385962003996D4 /* iseeyou */,
				08263CBC25385963003996D4 /* iseeyouTests */,
				08263CC725385963003996D4 /* iseeyouUITests */,
			);
		};
/* End PBXProject section */

/* Begin PBXResourcesBuildPhase section */
		08263CA525385962003996D4 /* Resources */ = {
			isa = PBXResourcesBuildPhase;
			buildActionMask = 2147483647;
			files = (
				0836C485255CF61900C67DFC /* CustomButtonCallCell.xib in Resources */,
				08263CB725385963003996D4 /* LaunchScreen.storyboard in Resources */,
				08263CB425385963003996D4 /* Assets.xcassets in Resources */,
				08263CB225385962003996D4 /* Main.storyboard in Resources */,
				0836C46B255CE95800C67DFC /* TopProfileCell.xib in Resources */,
				0836C47D255CF5AE00C67DFC /* prepare.storyboard in Resources */,
				08393CED255C4412006B2FF3 /* ListUserCell.xib in Resources */,
				080C5C8C2545848600F4627B /* TopRegisterCell.xib in Resources */,
				08393CE0255C4253006B2FF3 /* listUser.storyboard in Resources */,
				080C5C7A25457EE600F4627B /* TextFieldAndLabelCell.xib in Resources */,
				080C5C942545864000F4627B /* CustomButtonCell.xib in Resources */,
				0836C46F255CEF2B00C67DFC /* LabelWithArrowCel.xib in Resources */,
			);
			runOnlyForDeploymentPostprocessing = 0;
		};
		08263CBB25385963003996D4 /* Resources */ = {
			isa = PBXResourcesBuildPhase;
			buildActionMask = 2147483647;
			files = (
				08393CE1255C4253006B2FF3 /* listUser.storyboard in Resources */,
				080C5C8D2545848600F4627B /* TopRegisterCell.xib in Resources */,
				0836C486255CF61900C67DFC /* CustomButtonCallCell.xib in Resources */,
				080C5C952545864000F4627B /* CustomButtonCell.xib in Resources */,
				080C5C7B25457EE600F4627B /* TextFieldAndLabelCell.xib in Resources */,
				08393CEE255C4412006B2FF3 /* ListUserCell.xib in Resources */,
				0836C47E255CF5AE00C67DFC /* prepare.storyboard in Resources */,
			);
			runOnlyForDeploymentPostprocessing = 0;
		};
		08263CC625385963003996D4 /* Resources */ = {
			isa = PBXResourcesBuildPhase;
			buildActionMask = 2147483647;
			files = (
				08393CE2255C4253006B2FF3 /* listUser.storyboard in Resources */,
				080C5C8E2545848600F4627B /* TopRegisterCell.xib in Resources */,
				0836C487255CF61900C67DFC /* CustomButtonCallCell.xib in Resources */,
				080C5C962545864000F4627B /* CustomButtonCell.xib in Resources */,
				080C5C7C25457EE600F4627B /* TextFieldAndLabelCell.xib in Resources */,
				08393CEF255C4412006B2FF3 /* ListUserCell.xib in Resources */,
				0836C47F255CF5AE00C67DFC /* prepare.storyboard in Resources */,
			);
			runOnlyForDeploymentPostprocessing = 0;
		};
/* End PBXResourcesBuildPhase section */

/* Begin PBXShellScriptBuildPhase section */
		08263CDE253860E7003996D4 /* ShellScript */ = {
			isa = PBXShellScriptBuildPhase;
			buildActionMask = 2147483647;
			files = (
			);
			inputFileListPaths = (
			);
			inputPaths = (
				"$TEMP_DIR/rswift-lastrun",
			);
			outputFileListPaths = (
			);
			outputPaths = (
				$SRCROOT/R.generated.swift,
			);
			runOnlyForDeploymentPostprocessing = 0;
			shellPath = /bin/sh;
			shellScript = "\"$PODS_ROOT/R.swift/rswift\" generate \"$SRCROOT/R.generated.swift\"\n";
		};
		10E2A7C3BEE037D9200FABD1 /* [CP] Check Pods Manifest.lock */ = {
			isa = PBXShellScriptBuildPhase;
			buildActionMask = 2147483647;
			files = (
			);
			inputFileListPaths = (
			);
			inputPaths = (
				"${PODS_PODFILE_DIR_PATH}/Podfile.lock",
				"${PODS_ROOT}/Manifest.lock",
			);
			name = "[CP] Check Pods Manifest.lock";
			outputFileListPaths = (
			);
			outputPaths = (
				"$(DERIVED_FILE_DIR)/Pods-iseeyou-iseeyouUITests-checkManifestLockResult.txt",
			);
			runOnlyForDeploymentPostprocessing = 0;
			shellPath = /bin/sh;
			shellScript = "diff \"${PODS_PODFILE_DIR_PATH}/Podfile.lock\" \"${PODS_ROOT}/Manifest.lock\" > /dev/null\nif [ $? != 0 ] ; then\n    # print error to STDERR\n    echo \"error: The sandbox is not in sync with the Podfile.lock. Run 'pod install' or update your CocoaPods installation.\" >&2\n    exit 1\nfi\n# This output is used by Xcode 'outputs' to avoid re-running this script phase.\necho \"SUCCESS\" > \"${SCRIPT_OUTPUT_FILE_0}\"\n";
			showEnvVarsInLog = 0;
		};
		58248AE1EFEA24393A29776D /* [CP] Embed Pods Frameworks */ = {
			isa = PBXShellScriptBuildPhase;
			buildActionMask = 2147483647;
			files = (
			);
			inputFileListPaths = (
				"${PODS_ROOT}/Target Support Files/Pods-iseeyou-iseeyouUITests/Pods-iseeyou-iseeyouUITests-frameworks-${CONFIGURATION}-input-files.xcfilelist",
			);
			name = "[CP] Embed Pods Frameworks";
			outputFileListPaths = (
				"${PODS_ROOT}/Target Support Files/Pods-iseeyou-iseeyouUITests/Pods-iseeyou-iseeyouUITests-frameworks-${CONFIGURATION}-output-files.xcfilelist",
			);
			runOnlyForDeploymentPostprocessing = 0;
			shellPath = /bin/sh;
			shellScript = "\"${PODS_ROOT}/Target Support Files/Pods-iseeyou-iseeyouUITests/Pods-iseeyou-iseeyouUITests-frameworks.sh\"\n";
			showEnvVarsInLog = 0;
		};
		7115BBAD2F52FF3FC7B39B81 /* [CP] Embed Pods Frameworks */ = {
			isa = PBXShellScriptBuildPhase;
			buildActionMask = 2147483647;
			files = (
			);
			inputFileListPaths = (
				"${PODS_ROOT}/Target Support Files/Pods-iseeyou/Pods-iseeyou-frameworks-${CONFIGURATION}-input-files.xcfilelist",
			);
			name = "[CP] Embed Pods Frameworks";
			outputFileListPaths = (
				"${PODS_ROOT}/Target Support Files/Pods-iseeyou/Pods-iseeyou-frameworks-${CONFIGURATION}-output-files.xcfilelist",
			);
			runOnlyForDeploymentPostprocessing = 0;
			shellPath = /bin/sh;
			shellScript = "\"${PODS_ROOT}/Target Support Files/Pods-iseeyou/Pods-iseeyou-frameworks.sh\"\n";
			showEnvVarsInLog = 0;
		};
		874575E3C722A404D633E20F /* [CP] Check Pods Manifest.lock */ = {
			isa = PBXShellScriptBuildPhase;
			buildActionMask = 2147483647;
			files = (
			);
			inputFileListPaths = (
			);
			inputPaths = (
				"${PODS_PODFILE_DIR_PATH}/Podfile.lock",
				"${PODS_ROOT}/Manifest.lock",
			);
			name = "[CP] Check Pods Manifest.lock";
			outputFileListPaths = (
			);
			outputPaths = (
				"$(DERIVED_FILE_DIR)/Pods-iseeyou-checkManifestLockResult.txt",
			);
			runOnlyForDeploymentPostprocessing = 0;
			shellPath = /bin/sh;
			shellScript = "diff \"${PODS_PODFILE_DIR_PATH}/Podfile.lock\" \"${PODS_ROOT}/Manifest.lock\" > /dev/null\nif [ $? != 0 ] ; then\n    # print error to STDERR\n    echo \"error: The sandbox is not in sync with the Podfile.lock. Run 'pod install' or update your CocoaPods installation.\" >&2\n    exit 1\nfi\n# This output is used by Xcode 'outputs' to avoid re-running this script phase.\necho \"SUCCESS\" > \"${SCRIPT_OUTPUT_FILE_0}\"\n";
			showEnvVarsInLog = 0;
		};
		FCE975DE32EAA22823311DFC /* [CP] Check Pods Manifest.lock */ = {
			isa = PBXShellScriptBuildPhase;
			buildActionMask = 2147483647;
			files = (
			);
			inputFileListPaths = (
			);
			inputPaths = (
				"${PODS_PODFILE_DIR_PATH}/Podfile.lock",
				"${PODS_ROOT}/Manifest.lock",
			);
			name = "[CP] Check Pods Manifest.lock";
			outputFileListPaths = (
			);
			outputPaths = (
				"$(DERIVED_FILE_DIR)/Pods-iseeyouTests-checkManifestLockResult.txt",
			);
			runOnlyForDeploymentPostprocessing = 0;
			shellPath = /bin/sh;
			shellScript = "diff \"${PODS_PODFILE_DIR_PATH}/Podfile.lock\" \"${PODS_ROOT}/Manifest.lock\" > /dev/null\nif [ $? != 0 ] ; then\n    # print error to STDERR\n    echo \"error: The sandbox is not in sync with the Podfile.lock. Run 'pod install' or update your CocoaPods installation.\" >&2\n    exit 1\nfi\n# This output is used by Xcode 'outputs' to avoid re-running this script phase.\necho \"SUCCESS\" > \"${SCRIPT_OUTPUT_FILE_0}\"\n";
			showEnvVarsInLog = 0;
		};
/* End PBXShellScriptBuildPhase section */

/* Begin PBXSourcesBuildPhase section */
		08263CA325385962003996D4 /* Sources */ = {
			isa = PBXSourcesBuildPhase;
			buildActionMask = 2147483647;
			files = (
				082C488A2550035B000E6BC7 /* RTCCustomFrameCapturer.swift in Sources */,
				0876A359253C948200D968E5 /* HomeViewController.swift in Sources */,
				08F89B73254BF3170089782B /* Constant.swift in Sources */,
				080C5C7725457EE600F4627B /* TextFieldAndLabelCell.swift in Sources */,
				08B4F1D5255BD8E700339C0A /* tabbarcontrollerViewController.swift in Sources */,
				08393CDC255C423F006B2FF3 /* ListUsersViewController.swift in Sources */,
				0836C47B255CF57600C67DFC /* ProfileViewModel.swift in Sources */,
				0836C466255CE8D100C67DFC /* ProfileViewController.swift in Sources */,
				082C4888254FF89A000E6BC7 /* RTCSimluatorVideoEncoderFactory.swift in Sources */,
				08F89B6F254BEF400089782B /* DialogHelper.swift in Sources */,
				08263CDB25385AFC003996D4 /* LoginViewController.swift in Sources */,
				082C4884254FECAC000E6BC7 /* RTCClient.swift in Sources */,
				0836C46E255CEF2B00C67DFC /* LabelWithArrowCel.swift in Sources */,
				084572DA25525E01008C5D4F /* package-lock.json in Sources */,
				0836C463255CE4FF00C67DFC /* CHATViewController.swift in Sources */,
				080C5C892545848600F4627B /* TopRegisterCell.swift in Sources */,
				08B4F1D9255BDC2E00339C0A /* R.generated.swift in Sources */,
				08B4F1D1255BCDDE00339C0A /* SaveDataDefaults.swift in Sources */,
				08263CAF25385962003996D4 /* RegisterViewcontroller.swift in Sources */,
				082C4886254FF888000E6BC7 /* RTCSimulatorVideoDecoderFactory.swift in Sources */,
				082C489225501605000E6BC7 /* SignalingMessage.swift in Sources */,
				082C488F2550147A000E6BC7 /* CameraSession.swift in Sources */,
				0836C461255CD42000C67DFC /* ShowDialog.swift in Sources */,
				08B4F1EB255BE6C100339C0A /* LoginViewModel.swift in Sources */,
				08393CE4255C429A006B2FF3 /* ListUsersModel.swift in Sources */,
				082C488D25501466000E6BC7 /* CameraFilter.swift in Sources */,
				084572D825525DBE008C5D4F /* package.json in Sources */,
				080C5C7F2545802300F4627B /* RegisterViewModel.swift in Sources */,
				0836C46A255CE95800C67DFC /* TopProfileCell.swift in Sources */,
				080C5C912545864000F4627B /* CustomButtonCell.swift in Sources */,
				08F89B78254BF3EE0089782B /* ApiService.swift in Sources */,
				08F89B85254BF5E50089782B /* UIColorExtension.swift in Sources */,
				0836C474255CF4BA00C67DFC /* PrepareForCallModel.swift in Sources */,
				08F89B7D254BF46D0089782B /* AuthRepository.swift in Sources */,
				082C487E254FEBCC000E6BC7 /* VideoCallViewController.swift in Sources */,
				08F89B81254BF4920089782B /* AuthService.swift in Sources */,
				0836C482255CF61900C67DFC /* CustomButtonCallCell.swift in Sources */,
				0836C472255CF4A200C67DFC /* PrepareForCallViewController.swift in Sources */,
				08393CEA255C4412006B2FF3 /* ListUserCell.swift in Sources */,
				08263CAB25385962003996D4 /* AppDelegate.swift in Sources */,
				084572D625525DA1008C5D4F /* server.js in Sources */,
				08263CAD25385962003996D4 /* SceneDelegate.swift in Sources */,
			);
			runOnlyForDeploymentPostprocessing = 0;
		};
		08263CB925385963003996D4 /* Sources */ = {
			isa = PBXSourcesBuildPhase;
			buildActionMask = 2147483647;
			files = (
				08263CDC25385AFC003996D4 /* LoginViewController.swift in Sources */,
				08F89B86254BF5E50089782B /* UIColorExtension.swift in Sources */,
				08263CC225385963003996D4 /* iseeyouTests.swift in Sources */,
				08F89B70254BEF400089782B /* DialogHelper.swift in Sources */,
				080C5C7825457EE600F4627B /* TextFieldAndLabelCell.swift in Sources */,
				080C5C922545864000F4627B /* CustomButtonCell.swift in Sources */,
				08393CEB255C4412006B2FF3 /* ListUserCell.swift in Sources */,
				08393CE5255C429A006B2FF3 /* ListUsersModel.swift in Sources */,
				08393CDD255C423F006B2FF3 /* ListUsersViewController.swift in Sources */,
				08F89B74254BF3170089782B /* Constant.swift in Sources */,
				08F89B82254BF4920089782B /* AuthService.swift in Sources */,
				08B4F1EC255BE6C100339C0A /* LoginViewModel.swift in Sources */,
				0876A35A253C948200D968E5 /* HomeViewController.swift in Sources */,
				080C5C802545802300F4627B /* RegisterViewModel.swift in Sources */,
				08B4F1D2255BCDDE00339C0A /* SaveDataDefaults.swift in Sources */,
				0836C483255CF61900C67DFC /* CustomButtonCallCell.swift in Sources */,
				08B4F1DA255BDC2E00339C0A /* R.generated.swift in Sources */,
				080C5C8A2545848600F4627B /* TopRegisterCell.swift in Sources */,
				08F89B7E254BF46D0089782B /* AuthRepository.swift in Sources */,
				08F89B79254BF3EE0089782B /* ApiService.swift in Sources */,
				08B4F1D6255BD8E700339C0A /* tabbarcontrollerViewController.swift in Sources */,
			);
			runOnlyForDeploymentPostprocessing = 0;
		};
		08263CC425385963003996D4 /* Sources */ = {
			isa = PBXSourcesBuildPhase;
			buildActionMask = 2147483647;
			files = (
				08263CDD25385AFC003996D4 /* LoginViewController.swift in Sources */,
				08F89B87254BF5E50089782B /* UIColorExtension.swift in Sources */,
				08263CCD25385963003996D4 /* iseeyouUITests.swift in Sources */,
				08F89B71254BEF400089782B /* DialogHelper.swift in Sources */,
				080C5C7925457EE600F4627B /* TextFieldAndLabelCell.swift in Sources */,
				080C5C932545864000F4627B /* CustomButtonCell.swift in Sources */,
				08393CEC255C4412006B2FF3 /* ListUserCell.swift in Sources */,
				08393CE6255C429A006B2FF3 /* ListUsersModel.swift in Sources */,
				08393CDE255C423F006B2FF3 /* ListUsersViewController.swift in Sources */,
				08F89B75254BF3170089782B /* Constant.swift in Sources */,
				08F89B83254BF4920089782B /* AuthService.swift in Sources */,
				08B4F1ED255BE6C100339C0A /* LoginViewModel.swift in Sources */,
				0876A35B253C948200D968E5 /* HomeViewController.swift in Sources */,
				080C5C812545802300F4627B /* RegisterViewModel.swift in Sources */,
				08B4F1D3255BCDDE00339C0A /* SaveDataDefaults.swift in Sources */,
				0836C484255CF61900C67DFC /* CustomButtonCallCell.swift in Sources */,
				08B4F1DB255BDC2E00339C0A /* R.generated.swift in Sources */,
				080C5C8B2545848600F4627B /* TopRegisterCell.swift in Sources */,
				08F89B7F254BF46D0089782B /* AuthRepository.swift in Sources */,
				08F89B7A254BF3EE0089782B /* ApiService.swift in Sources */,
				08B4F1D7255BD8E700339C0A /* tabbarcontrollerViewController.swift in Sources */,
			);
			runOnlyForDeploymentPostprocessing = 0;
		};
/* End PBXSourcesBuildPhase section */

/* Begin PBXTargetDependency section */
		08263CBF25385963003996D4 /* PBXTargetDependency */ = {
			isa = PBXTargetDependency;
			target = 08263CA625385962003996D4 /* iseeyou */;
			targetProxy = 08263CBE25385963003996D4 /* PBXContainerItemProxy */;
		};
		08263CCA25385963003996D4 /* PBXTargetDependency */ = {
			isa = PBXTargetDependency;
			target = 08263CA625385962003996D4 /* iseeyou */;
			targetProxy = 08263CC925385963003996D4 /* PBXContainerItemProxy */;
		};
/* End PBXTargetDependency section */

/* Begin PBXVariantGroup section */
		08263CB025385962003996D4 /* Main.storyboard */ = {
			isa = PBXVariantGroup;
			children = (
				08263CB125385962003996D4 /* Base */,
			);
			name = Main.storyboard;
			sourceTree = "<group>";
		};
		08263CB525385963003996D4 /* LaunchScreen.storyboard */ = {
			isa = PBXVariantGroup;
			children = (
				08263CB625385963003996D4 /* Base */,
			);
			name = LaunchScreen.storyboard;
			sourceTree = "<group>";
		};
/* End PBXVariantGroup section */

/* Begin XCBuildConfiguration section */
		08263CCF25385963003996D4 /* Debug */ = {
			isa = XCBuildConfiguration;
			buildSettings = {
				ALWAYS_SEARCH_USER_PATHS = NO;
				CLANG_ANALYZER_NONNULL = YES;
				CLANG_ANALYZER_NUMBER_OBJECT_CONVERSION = YES_AGGRESSIVE;
				CLANG_CXX_LANGUAGE_STANDARD = "gnu++14";
				CLANG_CXX_LIBRARY = "libc++";
				CLANG_ENABLE_MODULES = YES;
				CLANG_ENABLE_OBJC_ARC = YES;
				CLANG_ENABLE_OBJC_WEAK = YES;
				CLANG_WARN_BLOCK_CAPTURE_AUTORELEASING = YES;
				CLANG_WARN_BOOL_CONVERSION = YES;
				CLANG_WARN_COMMA = YES;
				CLANG_WARN_CONSTANT_CONVERSION = YES;
				CLANG_WARN_DEPRECATED_OBJC_IMPLEMENTATIONS = YES;
				CLANG_WARN_DIRECT_OBJC_ISA_USAGE = YES_ERROR;
				CLANG_WARN_DOCUMENTATION_COMMENTS = YES;
				CLANG_WARN_EMPTY_BODY = YES;
				CLANG_WARN_ENUM_CONVERSION = YES;
				CLANG_WARN_INFINITE_RECURSION = YES;
				CLANG_WARN_INT_CONVERSION = YES;
				CLANG_WARN_NON_LITERAL_NULL_CONVERSION = YES;
				CLANG_WARN_OBJC_IMPLICIT_RETAIN_SELF = YES;
				CLANG_WARN_OBJC_LITERAL_CONVERSION = YES;
				CLANG_WARN_OBJC_ROOT_CLASS = YES_ERROR;
				CLANG_WARN_RANGE_LOOP_ANALYSIS = YES;
				CLANG_WARN_STRICT_PROTOTYPES = YES;
				CLANG_WARN_SUSPICIOUS_MOVE = YES;
				CLANG_WARN_UNGUARDED_AVAILABILITY = YES_AGGRESSIVE;
				CLANG_WARN_UNREACHABLE_CODE = YES;
				CLANG_WARN__DUPLICATE_METHOD_MATCH = YES;
				COPY_PHASE_STRIP = NO;
				DEBUG_INFORMATION_FORMAT = dwarf;
				ENABLE_STRICT_OBJC_MSGSEND = YES;
				ENABLE_TESTABILITY = YES;
				GCC_C_LANGUAGE_STANDARD = gnu11;
				GCC_DYNAMIC_NO_PIC = NO;
				GCC_NO_COMMON_BLOCKS = YES;
				GCC_OPTIMIZATION_LEVEL = 0;
				GCC_PREPROCESSOR_DEFINITIONS = (
					"DEBUG=1",
					"$(inherited)",
				);
				GCC_WARN_64_TO_32_BIT_CONVERSION = YES;
				GCC_WARN_ABOUT_RETURN_TYPE = YES_ERROR;
				GCC_WARN_UNDECLARED_SELECTOR = YES;
				GCC_WARN_UNINITIALIZED_AUTOS = YES_AGGRESSIVE;
				GCC_WARN_UNUSED_FUNCTION = YES;
				GCC_WARN_UNUSED_VARIABLE = YES;
				IPHONEOS_DEPLOYMENT_TARGET = 13.4;
				MTL_ENABLE_DEBUG_INFO = INCLUDE_SOURCE;
				MTL_FAST_MATH = YES;
				ONLY_ACTIVE_ARCH = YES;
				SDKROOT = iphoneos;
				SWIFT_ACTIVE_COMPILATION_CONDITIONS = DEBUG;
				SWIFT_OPTIMIZATION_LEVEL = "-Onone";
			};
			name = Debug;
		};
		08263CD025385963003996D4 /* Release */ = {
			isa = XCBuildConfiguration;
			buildSettings = {
				ALWAYS_SEARCH_USER_PATHS = NO;
				CLANG_ANALYZER_NONNULL = YES;
				CLANG_ANALYZER_NUMBER_OBJECT_CONVERSION = YES_AGGRESSIVE;
				CLANG_CXX_LANGUAGE_STANDARD = "gnu++14";
				CLANG_CXX_LIBRARY = "libc++";
				CLANG_ENABLE_MODULES = YES;
				CLANG_ENABLE_OBJC_ARC = YES;
				CLANG_ENABLE_OBJC_WEAK = YES;
				CLANG_WARN_BLOCK_CAPTURE_AUTORELEASING = YES;
				CLANG_WARN_BOOL_CONVERSION = YES;
				CLANG_WARN_COMMA = YES;
				CLANG_WARN_CONSTANT_CONVERSION = YES;
				CLANG_WARN_DEPRECATED_OBJC_IMPLEMENTATIONS = YES;
				CLANG_WARN_DIRECT_OBJC_ISA_USAGE = YES_ERROR;
				CLANG_WARN_DOCUMENTATION_COMMENTS = YES;
				CLANG_WARN_EMPTY_BODY = YES;
				CLANG_WARN_ENUM_CONVERSION = YES;
				CLANG_WARN_INFINITE_RECURSION = YES;
				CLANG_WARN_INT_CONVERSION = YES;
				CLANG_WARN_NON_LITERAL_NULL_CONVERSION = YES;
				CLANG_WARN_OBJC_IMPLICIT_RETAIN_SELF = YES;
				CLANG_WARN_OBJC_LITERAL_CONVERSION = YES;
				CLANG_WARN_OBJC_ROOT_CLASS = YES_ERROR;
				CLANG_WARN_RANGE_LOOP_ANALYSIS = YES;
				CLANG_WARN_STRICT_PROTOTYPES = YES;
				CLANG_WARN_SUSPICIOUS_MOVE = YES;
				CLANG_WARN_UNGUARDED_AVAILABILITY = YES_AGGRESSIVE;
				CLANG_WARN_UNREACHABLE_CODE = YES;
				CLANG_WARN__DUPLICATE_METHOD_MATCH = YES;
				COPY_PHASE_STRIP = NO;
				DEBUG_INFORMATION_FORMAT = "dwarf-with-dsym";
				ENABLE_NS_ASSERTIONS = NO;
				ENABLE_STRICT_OBJC_MSGSEND = YES;
				GCC_C_LANGUAGE_STANDARD = gnu11;
				GCC_NO_COMMON_BLOCKS = YES;
				GCC_WARN_64_TO_32_BIT_CONVERSION = YES;
				GCC_WARN_ABOUT_RETURN_TYPE = YES_ERROR;
				GCC_WARN_UNDECLARED_SELECTOR = YES;
				GCC_WARN_UNINITIALIZED_AUTOS = YES_AGGRESSIVE;
				GCC_WARN_UNUSED_FUNCTION = YES;
				GCC_WARN_UNUSED_VARIABLE = YES;
				IPHONEOS_DEPLOYMENT_TARGET = 13.4;
				MTL_ENABLE_DEBUG_INFO = NO;
				MTL_FAST_MATH = YES;
				SDKROOT = iphoneos;
				SWIFT_COMPILATION_MODE = wholemodule;
				SWIFT_OPTIMIZATION_LEVEL = "-O";
				VALIDATE_PRODUCT = YES;
			};
			name = Release;
		};
		08263CD225385963003996D4 /* Debug */ = {
			isa = XCBuildConfiguration;
			baseConfigurationReference = B1CD22A3E975AEB85DA8F688 /* Pods-iseeyou.debug.xcconfig */;
			buildSettings = {
				ASSETCATALOG_COMPILER_APPICON_NAME = AppIcon;
				CODE_SIGN_IDENTITY = "Apple Development";
				CODE_SIGN_STYLE = Automatic;
				DEVELOPMENT_TEAM = CL9324PRQA;
				ENABLE_BITCODE = NO;
				INFOPLIST_FILE = iseeyou/SupportFile/Info.plist;
				LD_RUNPATH_SEARCH_PATHS = (
					"$(inherited)",
					"@executable_path/Frameworks",
				);
				PRODUCT_BUNDLE_IDENTIFIER = fsa.iseeyou11;
				PRODUCT_NAME = "$(TARGET_NAME)";
				PROVISIONING_PROFILE_SPECIFIER = "";
				SWIFT_VERSION = 5.0;
				TARGETED_DEVICE_FAMILY = "1,2";
			};
			name = Debug;
		};
		08263CD325385963003996D4 /* Release */ = {
			isa = XCBuildConfiguration;
			baseConfigurationReference = 35BB660F0206F77A376AF69C /* Pods-iseeyou.release.xcconfig */;
			buildSettings = {
				ASSETCATALOG_COMPILER_APPICON_NAME = AppIcon;
				CODE_SIGN_IDENTITY = "Apple Development";
				CODE_SIGN_STYLE = Automatic;
				DEVELOPMENT_TEAM = CL9324PRQA;
				ENABLE_BITCODE = NO;
				INFOPLIST_FILE = iseeyou/SupportFile/Info.plist;
				LD_RUNPATH_SEARCH_PATHS = (
					"$(inherited)",
					"@executable_path/Frameworks",
				);
				PRODUCT_BUNDLE_IDENTIFIER = fsa.iseeyou11;
				PRODUCT_NAME = "$(TARGET_NAME)";
				PROVISIONING_PROFILE_SPECIFIER = "";
				SWIFT_VERSION = 5.0;
				TARGETED_DEVICE_FAMILY = "1,2";
			};
			name = Release;
		};
		08263CD525385963003996D4 /* Debug */ = {
			isa = XCBuildConfiguration;
			baseConfigurationReference = 143837408A9364E21B2BDCC3 /* Pods-iseeyouTests.debug.xcconfig */;
			buildSettings = {
				ALWAYS_EMBED_SWIFT_STANDARD_LIBRARIES = YES;
				BUNDLE_LOADER = "$(TEST_HOST)";
				CODE_SIGN_STYLE = Automatic;
				DEVELOPMENT_TEAM = JH4AQFNHPZ;
				INFOPLIST_FILE = iseeyouTests/Info.plist;
				IPHONEOS_DEPLOYMENT_TARGET = 13.4;
				LD_RUNPATH_SEARCH_PATHS = (
					"$(inherited)",
					"@executable_path/Frameworks",
					"@loader_path/Frameworks",
				);
				PRODUCT_BUNDLE_IDENTIFIER = fsa.iseeyouTests;
				PRODUCT_NAME = "$(TARGET_NAME)";
				SWIFT_VERSION = 5.0;
				TARGETED_DEVICE_FAMILY = "1,2";
				TEST_HOST = "$(BUILT_PRODUCTS_DIR)/iseeyou.app/iseeyou";
			};
			name = Debug;
		};
		08263CD625385963003996D4 /* Release */ = {
			isa = XCBuildConfiguration;
			baseConfigurationReference = 01E994A2CE416ABBF092211C /* Pods-iseeyouTests.release.xcconfig */;
			buildSettings = {
				ALWAYS_EMBED_SWIFT_STANDARD_LIBRARIES = YES;
				BUNDLE_LOADER = "$(TEST_HOST)";
				CODE_SIGN_STYLE = Automatic;
				DEVELOPMENT_TEAM = JH4AQFNHPZ;
				INFOPLIST_FILE = iseeyouTests/Info.plist;
				IPHONEOS_DEPLOYMENT_TARGET = 13.4;
				LD_RUNPATH_SEARCH_PATHS = (
					"$(inherited)",
					"@executable_path/Frameworks",
					"@loader_path/Frameworks",
				);
				PRODUCT_BUNDLE_IDENTIFIER = fsa.iseeyouTests;
				PRODUCT_NAME = "$(TARGET_NAME)";
				SWIFT_VERSION = 5.0;
				TARGETED_DEVICE_FAMILY = "1,2";
				TEST_HOST = "$(BUILT_PRODUCTS_DIR)/iseeyou.app/iseeyou";
			};
			name = Release;
		};
		08263CD825385963003996D4 /* Debug */ = {
			isa = XCBuildConfiguration;
			baseConfigurationReference = E3D3053FDABCE77891CFC471 /* Pods-iseeyou-iseeyouUITests.debug.xcconfig */;
			buildSettings = {
				ALWAYS_EMBED_SWIFT_STANDARD_LIBRARIES = YES;
				CODE_SIGN_STYLE = Automatic;
				DEVELOPMENT_TEAM = JH4AQFNHPZ;
				INFOPLIST_FILE = iseeyouUITests/Info.plist;
				LD_RUNPATH_SEARCH_PATHS = (
					"$(inherited)",
					"@executable_path/Frameworks",
					"@loader_path/Frameworks",
				);
				PRODUCT_BUNDLE_IDENTIFIER = fsa.iseeyouUITests;
				PRODUCT_NAME = "$(TARGET_NAME)";
				SWIFT_VERSION = 5.0;
				TARGETED_DEVICE_FAMILY = "1,2";
				TEST_TARGET_NAME = iseeyou;
			};
			name = Debug;
		};
		08263CD925385963003996D4 /* Release */ = {
			isa = XCBuildConfiguration;
			baseConfigurationReference = E331F59292A291BD86E448AF /* Pods-iseeyou-iseeyouUITests.release.xcconfig */;
			buildSettings = {
				ALWAYS_EMBED_SWIFT_STANDARD_LIBRARIES = YES;
				CODE_SIGN_STYLE = Automatic;
				DEVELOPMENT_TEAM = JH4AQFNHPZ;
				INFOPLIST_FILE = iseeyouUITests/Info.plist;
				LD_RUNPATH_SEARCH_PATHS = (
					"$(inherited)",
					"@executable_path/Frameworks",
					"@loader_path/Frameworks",
				);
				PRODUCT_BUNDLE_IDENTIFIER = fsa.iseeyouUITests;
				PRODUCT_NAME = "$(TARGET_NAME)";
				SWIFT_VERSION = 5.0;
				TARGETED_DEVICE_FAMILY = "1,2";
				TEST_TARGET_NAME = iseeyou;
			};
			name = Release;
		};
/* End XCBuildConfiguration section */

/* Begin XCConfigurationList section */
		08263CA225385962003996D4 /* Build configuration list for PBXProject "iseeyou" */ = {
			isa = XCConfigurationList;
			buildConfigurations = (
				08263CCF25385963003996D4 /* Debug */,
				08263CD025385963003996D4 /* Release */,
			);
			defaultConfigurationIsVisible = 0;
			defaultConfigurationName = Release;
		};
		08263CD125385963003996D4 /* Build configuration list for PBXNativeTarget "iseeyou" */ = {
			isa = XCConfigurationList;
			buildConfigurations = (
				08263CD225385963003996D4 /* Debug */,
				08263CD325385963003996D4 /* Release */,
			);
			defaultConfigurationIsVisible = 0;
			defaultConfigurationName = Release;
		};
		08263CD425385963003996D4 /* Build configuration list for PBXNativeTarget "iseeyouTests" */ = {
			isa = XCConfigurationList;
			buildConfigurations = (
				08263CD525385963003996D4 /* Debug */,
				08263CD625385963003996D4 /* Release */,
			);
			defaultConfigurationIsVisible = 0;
			defaultConfigurationName = Release;
		};
		08263CD725385963003996D4 /* Build configuration list for PBXNativeTarget "iseeyouUITests" */ = {
			isa = XCConfigurationList;
			buildConfigurations = (
				08263CD825385963003996D4 /* Debug */,
				08263CD925385963003996D4 /* Release */,
			);
			defaultConfigurationIsVisible = 0;
			defaultConfigurationName = Release;
		};
/* End XCConfigurationList section */
	};
	rootObject = 08263C9F25385962003996D4 /* Project object */;
}
